
Microsoft Visual Studio Solution File, Format Version 12.00
# Visual Studio 14
VisualStudioVersion = 14.0.24720.0
MinimumVisualStudioVersion = 10.0.40219.1
Project("{2150E333-8FDC-42A3-9474-1A3956D46DE8}") = "Packages - NuGet", "Packages - NuGet", "{F6E1AC3F-1C65-406C-B358-6EF3554C3FB4}"
EndProject
Project("{2150E333-8FDC-42A3-9474-1A3956D46DE8}") = "Solution Items", "Solution Items", "{2FC7C54F-8BBF-4826-A86D-E85F9970C9B6}"
	ProjectSection(SolutionItems) = preProject
		global.json = global.json
		NuGet.Config = NuGet.Config
	EndProjectSection
EndProject
Project("{8BB2217D-0F2D-49D1-97BC-3654ED321F3B}") = "CostEffectiveCode", "src\CostEffectiveCode\CostEffectiveCode.xproj", "{E79CCF9D-80D9-42EF-8BB6-75ED23E8F601}"
EndProject
Project("{8BB2217D-0F2D-49D1-97BC-3654ED321F3B}") = "CostEffectiveCode.Akka", "src\CostEffectiveCode.Akka\CostEffectiveCode.Akka.xproj", "{E0F4CD9C-31BB-4073-B5D2-64C5ABF6CC44}"
EndProject
Project("{8BB2217D-0F2D-49D1-97BC-3654ED321F3B}") = "CostEffectiveCode.EntityFramework6", "src\CostEffectiveCode.EntityFramework6\CostEffectiveCode.EntityFramework6.xproj", "{EBD3D820-4FB8-46FE-AC5B-65432FEBC48A}"
EndProject
Project("{2150E333-8FDC-42A3-9474-1A3956D46DE8}") = "Tests", "Tests", "{F64C539C-3C60-4EBA-BFEF-A28C7C2484D8}"
EndProject
Project("{8BB2217D-0F2D-49D1-97BC-3654ED321F3B}") = "CostEffectiveCode.Processes", "src\CostEffectiveCode.Processes\CostEffectiveCode.Processes.xproj", "{1F709587-A9DF-4AF3-879D-B3130938087C}"
EndProject
Project("{8BB2217D-0F2D-49D1-97BC-3654ED321F3B}") = "CostEffectiveCode.EntityFramework7", "src\CostEffectiveCode.EntityFramework7\CostEffectiveCode.EntityFramework7.xproj", "{FC429B07-B5BB-4194-97E3-272D250BEFFA}"
EndProject
Project("{8BB2217D-0F2D-49D1-97BC-3654ED321F3B}") = "CostEffectiveCode.Tests", "src\CostEffectiveCode.Tests\CostEffectiveCode.Tests.xproj", "{650A5A85-5956-491E-9312-5E25A27D1108}"
EndProject
Project("{8BB2217D-0F2D-49D1-97BC-3654ED321F3B}") = "CostEffectiveCode.WebApi2.Tests.Console", "src\CostEffectiveCode.WebApi2.Tests.Console\CostEffectiveCode.WebApi2.Tests.Console.xproj", "{C4A1CBEE-E132-4533-88D1-01A9A7C8D224}"
EndProject
Project("{8BB2217D-0F2D-49D1-97BC-3654ED321F3B}") = "CostEffectiveCode.WebApi2", "src\CostEffectiveCode.WebApi2\CostEffectiveCode.WebApi2.xproj", "{8C7FD7C6-7DC2-4C42-96B7-BB4C20D70344}"
EndProject
Project("{8BB2217D-0F2D-49D1-97BC-3654ED321F3B}") = "CostEffectiveCode.AutoMapper", "src\CostEffectiveCode.AutoMapper\CostEffectiveCode.AutoMapper.xproj", "{B2816D04-2D15-404D-AE7A-30583531F2E7}"
EndProject
Project("{8BB2217D-0F2D-49D1-97BC-3654ED321F3B}") = "CostEffectiveCode.WebApi2.Tests", "src\CostEffectiveCode.WebApi2.Tests\CostEffectiveCode.WebApi2.Tests.xproj", "{EF02AC5D-E3FA-4A9C-90D1-9C0EC41B0F9A}"
EndProject
Project("{FAE04EC0-301F-11D3-BF4B-00C04F79EFBC}") = "CostEffectiveCode.Sample.Domain", "src\CostEffectiveCode.Sample.Domain\CostEffectiveCode.Sample.Domain.csproj", "{1F3C6C46-4428-4F60-9E22-00E1C049114A}"
EndProject
Project("{FAE04EC0-301F-11D3-BF4B-00C04F79EFBC}") = "CostEffectiveCode.Sample.Data", "src\CostEffectiveCode.Sample.Data\CostEffectiveCode.Sample.Data.csproj", "{CDE05B6C-A5A2-4F45-B2B4-6FA29E4F4BD6}"
EndProject
Global
	GlobalSection(SolutionConfigurationPlatforms) = preSolution
		Debug|Any CPU = Debug|Any CPU
		Release|Any CPU = Release|Any CPU
	EndGlobalSection
	GlobalSection(ProjectConfigurationPlatforms) = postSolution
		{E79CCF9D-80D9-42EF-8BB6-75ED23E8F601}.Debug|Any CPU.ActiveCfg = Debug|Any CPU
		{E79CCF9D-80D9-42EF-8BB6-75ED23E8F601}.Debug|Any CPU.Build.0 = Debug|Any CPU
		{E79CCF9D-80D9-42EF-8BB6-75ED23E8F601}.Release|Any CPU.ActiveCfg = Release|Any CPU
		{E79CCF9D-80D9-42EF-8BB6-75ED23E8F601}.Release|Any CPU.Build.0 = Release|Any CPU
		{E0F4CD9C-31BB-4073-B5D2-64C5ABF6CC44}.Debug|Any CPU.ActiveCfg = Debug|Any CPU
		{E0F4CD9C-31BB-4073-B5D2-64C5ABF6CC44}.Debug|Any CPU.Build.0 = Debug|Any CPU
		{E0F4CD9C-31BB-4073-B5D2-64C5ABF6CC44}.Release|Any CPU.ActiveCfg = Release|Any CPU
		{E0F4CD9C-31BB-4073-B5D2-64C5ABF6CC44}.Release|Any CPU.Build.0 = Release|Any CPU
		{EBD3D820-4FB8-46FE-AC5B-65432FEBC48A}.Debug|Any CPU.ActiveCfg = Debug|Any CPU
		{EBD3D820-4FB8-46FE-AC5B-65432FEBC48A}.Debug|Any CPU.Build.0 = Debug|Any CPU
		{EBD3D820-4FB8-46FE-AC5B-65432FEBC48A}.Release|Any CPU.ActiveCfg = Release|Any CPU
		{EBD3D820-4FB8-46FE-AC5B-65432FEBC48A}.Release|Any CPU.Build.0 = Release|Any CPU
		{1F709587-A9DF-4AF3-879D-B3130938087C}.Debug|Any CPU.ActiveCfg = Debug|Any CPU
		{1F709587-A9DF-4AF3-879D-B3130938087C}.Debug|Any CPU.Build.0 = Debug|Any CPU
		{1F709587-A9DF-4AF3-879D-B3130938087C}.Release|Any CPU.ActiveCfg = Release|Any CPU
		{1F709587-A9DF-4AF3-879D-B3130938087C}.Release|Any CPU.Build.0 = Release|Any CPU
		{FC429B07-B5BB-4194-97E3-272D250BEFFA}.Debug|Any CPU.ActiveCfg = Debug|Any CPU
		{FC429B07-B5BB-4194-97E3-272D250BEFFA}.Debug|Any CPU.Build.0 = Debug|Any CPU
		{FC429B07-B5BB-4194-97E3-272D250BEFFA}.Release|Any CPU.ActiveCfg = Release|Any CPU
		{FC429B07-B5BB-4194-97E3-272D250BEFFA}.Release|Any CPU.Build.0 = Release|Any CPU
		{650A5A85-5956-491E-9312-5E25A27D1108}.Debug|Any CPU.ActiveCfg = Debug|Any CPU
		{650A5A85-5956-491E-9312-5E25A27D1108}.Debug|Any CPU.Build.0 = Debug|Any CPU
		{650A5A85-5956-491E-9312-5E25A27D1108}.Release|Any CPU.ActiveCfg = Release|Any CPU
		{650A5A85-5956-491E-9312-5E25A27D1108}.Release|Any CPU.Build.0 = Release|Any CPU
		{C4A1CBEE-E132-4533-88D1-01A9A7C8D224}.Debug|Any CPU.ActiveCfg = Debug|Any CPU
		{C4A1CBEE-E132-4533-88D1-01A9A7C8D224}.Debug|Any CPU.Build.0 = Debug|Any CPU
		{C4A1CBEE-E132-4533-88D1-01A9A7C8D224}.Release|Any CPU.ActiveCfg = Release|Any CPU
		{C4A1CBEE-E132-4533-88D1-01A9A7C8D224}.Release|Any CPU.Build.0 = Release|Any CPU
		{8C7FD7C6-7DC2-4C42-96B7-BB4C20D70344}.Debug|Any CPU.ActiveCfg = Debug|Any CPU
		{8C7FD7C6-7DC2-4C42-96B7-BB4C20D70344}.Debug|Any CPU.Build.0 = Debug|Any CPU
		{8C7FD7C6-7DC2-4C42-96B7-BB4C20D70344}.Release|Any CPU.ActiveCfg = Release|Any CPU
		{8C7FD7C6-7DC2-4C42-96B7-BB4C20D70344}.Release|Any CPU.Build.0 = Release|Any CPU
		{B2816D04-2D15-404D-AE7A-30583531F2E7}.Debug|Any CPU.ActiveCfg = Debug|Any CPU
		{B2816D04-2D15-404D-AE7A-30583531F2E7}.Debug|Any CPU.Build.0 = Debug|Any CPU
		{B2816D04-2D15-404D-AE7A-30583531F2E7}.Release|Any CPU.ActiveCfg = Release|Any CPU
		{B2816D04-2D15-404D-AE7A-30583531F2E7}.Release|Any CPU.Build.0 = Release|Any CPU
		{EF02AC5D-E3FA-4A9C-90D1-9C0EC41B0F9A}.Debug|Any CPU.ActiveCfg = Debug|Any CPU
		{EF02AC5D-E3FA-4A9C-90D1-9C0EC41B0F9A}.Debug|Any CPU.Build.0 = Debug|Any CPU
		{EF02AC5D-E3FA-4A9C-90D1-9C0EC41B0F9A}.Release|Any CPU.ActiveCfg = Release|Any CPU
		{EF02AC5D-E3FA-4A9C-90D1-9C0EC41B0F9A}.Release|Any CPU.Build.0 = Release|Any CPU
		{1F3C6C46-4428-4F60-9E22-00E1C049114A}.Debug|Any CPU.ActiveCfg = Debug|Any CPU
		{1F3C6C46-4428-4F60-9E22-00E1C049114A}.Debug|Any CPU.Build.0 = Debug|Any CPU
		{1F3C6C46-4428-4F60-9E22-00E1C049114A}.Release|Any CPU.ActiveCfg = Release|Any CPU
		{1F3C6C46-4428-4F60-9E22-00E1C049114A}.Release|Any CPU.Build.0 = Release|Any CPU
		{CDE05B6C-A5A2-4F45-B2B4-6FA29E4F4BD6}.Debug|Any CPU.ActiveCfg = Debug|Any CPU
		{CDE05B6C-A5A2-4F45-B2B4-6FA29E4F4BD6}.Debug|Any CPU.Build.0 = Debug|Any CPU
		{CDE05B6C-A5A2-4F45-B2B4-6FA29E4F4BD6}.Release|Any CPU.ActiveCfg = Release|Any CPU
		{CDE05B6C-A5A2-4F45-B2B4-6FA29E4F4BD6}.Release|Any CPU.Build.0 = Release|Any CPU
	EndGlobalSection
	GlobalSection(SolutionProperties) = preSolution
		HideSolutionNode = FALSE
	EndGlobalSection
	GlobalSection(NestedProjects) = preSolution
		{E79CCF9D-80D9-42EF-8BB6-75ED23E8F601} = {F6E1AC3F-1C65-406C-B358-6EF3554C3FB4}
		{E0F4CD9C-31BB-4073-B5D2-64C5ABF6CC44} = {F6E1AC3F-1C65-406C-B358-6EF3554C3FB4}
		{EBD3D820-4FB8-46FE-AC5B-65432FEBC48A} = {F6E1AC3F-1C65-406C-B358-6EF3554C3FB4}
		{1F709587-A9DF-4AF3-879D-B3130938087C} = {F6E1AC3F-1C65-406C-B358-6EF3554C3FB4}
		{FC429B07-B5BB-4194-97E3-272D250BEFFA} = {F6E1AC3F-1C65-406C-B358-6EF3554C3FB4}
		{650A5A85-5956-491E-9312-5E25A27D1108} = {F64C539C-3C60-4EBA-BFEF-A28C7C2484D8}
		{C4A1CBEE-E132-4533-88D1-01A9A7C8D224} = {F64C539C-3C60-4EBA-BFEF-A28C7C2484D8}
		{8C7FD7C6-7DC2-4C42-96B7-BB4C20D70344} = {F6E1AC3F-1C65-406C-B358-6EF3554C3FB4}
		{B2816D04-2D15-404D-AE7A-30583531F2E7} = {F6E1AC3F-1C65-406C-B358-6EF3554C3FB4}
		{EF02AC5D-E3FA-4A9C-90D1-9C0EC41B0F9A} = {F64C539C-3C60-4EBA-BFEF-A28C7C2484D8}
		{1F3C6C46-4428-4F60-9E22-00E1C049114A} = {F64C539C-3C60-4EBA-BFEF-A28C7C2484D8}
		{CDE05B6C-A5A2-4F45-B2B4-6FA29E4F4BD6} = {F64C539C-3C60-4EBA-BFEF-A28C7C2484D8}
	EndGlobalSection
EndGlobal
