
Microsoft Visual Studio Solution File, Format Version 12.00
# Visual Studio 14
VisualStudioVersion = 14.0.23107.0
MinimumVisualStudioVersion = 10.0.40219.1
Project("{FAE04EC0-301F-11D3-BF4B-00C04F79EFBC}") = "CostEffectiveCode", "CostEffectiveCode\CostEffectiveCode.csproj", "{CE963146-9B80-4AA2-B557-8DD1DACD5288}"
EndProject
Project("{FAE04EC0-301F-11D3-BF4B-00C04F79EFBC}") = "CostEffectiveCode.Sample", "CostEffectiveCode.Sample\CostEffectiveCode.Sample.csproj", "{373E6FA9-CCB3-46E5-BA31-7DECE94F5479}"
EndProject
Global
	GlobalSection(SolutionConfigurationPlatforms) = preSolution
		Debug|Any CPU = Debug|Any CPU
		Release|Any CPU = Release|Any CPU
	EndGlobalSection
	GlobalSection(ProjectConfigurationPlatforms) = postSolution
		{CE963146-9B80-4AA2-B557-8DD1DACD5288}.Debug|Any CPU.ActiveCfg = Debug|Any CPU
		{CE963146-9B80-4AA2-B557-8DD1DACD5288}.Debug|Any CPU.Build.0 = Debug|Any CPU
		{CE963146-9B80-4AA2-B557-8DD1DACD5288}.Release|Any CPU.ActiveCfg = Release|Any CPU
		{CE963146-9B80-4AA2-B557-8DD1DACD5288}.Release|Any CPU.Build.0 = Release|Any CPU
		{373E6FA9-CCB3-46E5-BA31-7DECE94F5479}.Debug|Any CPU.ActiveCfg = Debug|Any CPU
		{373E6FA9-CCB3-46E5-BA31-7DECE94F5479}.Debug|Any CPU.Build.0 = Debug|Any CPU
		{373E6FA9-CCB3-46E5-BA31-7DECE94F5479}.Release|Any CPU.ActiveCfg = Release|Any CPU
		{373E6FA9-CCB3-46E5-BA31-7DECE94F5479}.Release|Any CPU.Build.0 = Release|Any CPU
	EndGlobalSection
	GlobalSection(SolutionProperties) = preSolution
		HideSolutionNode = FALSE
	EndGlobalSection
EndGlobal
