
Microsoft Visual Studio Solution File, Format Version 12.00
# Visual Studio 14
VisualStudioVersion = 14.0.25420.1
MinimumVisualStudioVersion = 10.0.40219.1
Project("{8BB2217D-0F2D-49D1-97BC-3654ED321F3B}") = "CostEffectiveCode", "CostEffectiveCode\CostEffectiveCode.xproj", "{A0481FEE-FE52-40D8-B9A6-323B466E57B7}"
EndProject
Project("{8BB2217D-0F2D-49D1-97BC-3654ED321F3B}") = "CostEffectiveCode.AutoMapper", "CostEffectiveCode.AutoMapper\CostEffectiveCode.AutoMapper.xproj", "{EE9B12DC-F5CB-4674-99AF-428BFCEED36E}"
EndProject
Project("{8BB2217D-0F2D-49D1-97BC-3654ED321F3B}") = "CostEffectiveCode.WebApi2", "CostEffectiveCode.WebApi2\CostEffectiveCode.WebApi2.xproj", "{B97F5C00-B322-4A0E-9D9F-1C46B800BA8C}"
EndProject
Project("{FAE04EC0-301F-11D3-BF4B-00C04F79EFBC}") = "CostEffectiveCode.WebApi2.Example", "Costeffectivecode.WebApi2.Example\CostEffectiveCode.WebApi2.Example.csproj", "{A28C9E20-46A7-4ADF-B29E-9F0D317A5182}"
EndProject
Project("{2150E333-8FDC-42A3-9474-1A3956D46DE8}") = "Tests", "Tests", "{9F2251A9-A6E3-4E42-B2B6-CE41CB91159A}"
EndProject
Global
	GlobalSection(SolutionConfigurationPlatforms) = preSolution
		Debug|Any CPU = Debug|Any CPU
		Release|Any CPU = Release|Any CPU
	EndGlobalSection
	GlobalSection(ProjectConfigurationPlatforms) = postSolution
		{A0481FEE-FE52-40D8-B9A6-323B466E57B7}.Debug|Any CPU.ActiveCfg = Debug|Any CPU
		{A0481FEE-FE52-40D8-B9A6-323B466E57B7}.Debug|Any CPU.Build.0 = Debug|Any CPU
		{A0481FEE-FE52-40D8-B9A6-323B466E57B7}.Release|Any CPU.ActiveCfg = Release|Any CPU
		{A0481FEE-FE52-40D8-B9A6-323B466E57B7}.Release|Any CPU.Build.0 = Release|Any CPU
		{EE9B12DC-F5CB-4674-99AF-428BFCEED36E}.Debug|Any CPU.ActiveCfg = Debug|Any CPU
		{EE9B12DC-F5CB-4674-99AF-428BFCEED36E}.Debug|Any CPU.Build.0 = Debug|Any CPU
		{EE9B12DC-F5CB-4674-99AF-428BFCEED36E}.Release|Any CPU.ActiveCfg = Release|Any CPU
		{EE9B12DC-F5CB-4674-99AF-428BFCEED36E}.Release|Any CPU.Build.0 = Release|Any CPU
		{B97F5C00-B322-4A0E-9D9F-1C46B800BA8C}.Debug|Any CPU.ActiveCfg = Debug|Any CPU
		{B97F5C00-B322-4A0E-9D9F-1C46B800BA8C}.Debug|Any CPU.Build.0 = Debug|Any CPU
		{B97F5C00-B322-4A0E-9D9F-1C46B800BA8C}.Release|Any CPU.ActiveCfg = Release|Any CPU
		{B97F5C00-B322-4A0E-9D9F-1C46B800BA8C}.Release|Any CPU.Build.0 = Release|Any CPU
		{A28C9E20-46A7-4ADF-B29E-9F0D317A5182}.Debug|Any CPU.ActiveCfg = Debug|Any CPU
		{A28C9E20-46A7-4ADF-B29E-9F0D317A5182}.Debug|Any CPU.Build.0 = Debug|Any CPU
		{A28C9E20-46A7-4ADF-B29E-9F0D317A5182}.Release|Any CPU.ActiveCfg = Release|Any CPU
		{A28C9E20-46A7-4ADF-B29E-9F0D317A5182}.Release|Any CPU.Build.0 = Release|Any CPU
	EndGlobalSection
	GlobalSection(SolutionProperties) = preSolution
		HideSolutionNode = FALSE
	EndGlobalSection
	GlobalSection(NestedProjects) = preSolution
		{A28C9E20-46A7-4ADF-B29E-9F0D317A5182} = {9F2251A9-A6E3-4E42-B2B6-CE41CB91159A}
	EndGlobalSection
EndGlobal
